Microsoft Visual Studio Solution File, Format Version 12.00
# Visual Studio Version 17
VisualStudioVersion = 17.5.2.0
MinimumVisualStudioVersion = 10.0.40219.1
Project("{FAE04EC0-301F-11D3-BF4B-00C04F79EFBC}") = "ValidacionEntradas", "ValidacionEntradas.csproj", "{529911D9-BF65-7B67-DEEC-D79D049D5F96}"
EndProject
Global
	GlobalSection(SolutionConfigurationPlatforms) = preSolution
		Debug|Any CPU = Debug|Any CPU
		Release|Any CPU = Release|Any CPU
	EndGlobalSection
	GlobalSection(ProjectConfigurationPlatforms) = postSolution
		{529911D9-BF65-7B67-DEEC-D79D049D5F96}.Debug|Any CPU.ActiveCfg = Debug|Any CPU
		{529911D9-BF65-7B67-DEEC-D79D049D5F96}.Debug|Any CPU.Build.0 = Debug|Any CPU
		{529911D9-BF65-7B67-DEEC-D79D049D5F96}.Release|Any CPU.ActiveCfg = Release|Any CPU
		{529911D9-BF65-7B67-DEEC-D79D049D5F96}.Release|Any CPU.Build.0 = Release|Any CPU
	EndGlobalSection
	GlobalSection(SolutionProperties) = preSolution
		HideSolutionNode = FALSE
	EndGlobalSection
	GlobalSection(ExtensibilityGlobals) = postSolution
		SolutionGuid = {D7733677-23A7-4182-995B-2DE3BBC8E054}
	EndGlobalSection
EndGlobal
