Microsoft Visual Studio Solution File, Format Version 12.00
# Visual Studio Version 17
VisualStudioVersion = 17.5.2.0
MinimumVisualStudioVersion = 10.0.40219.1
Project("{FAE04EC0-301F-11D3-BF4B-00C04F79EFBC}") = "PoliticaDeRolesIdentity", "PoliticaDeRolesIdentity.csproj", "{F05BC4C6-194E-A2E9-35B0-63F2F1026BF7}"
EndProject
Global
	GlobalSection(SolutionConfigurationPlatforms) = preSolution
		Debug|Any CPU = Debug|Any CPU
		Release|Any CPU = Release|Any CPU
	EndGlobalSection
	GlobalSection(ProjectConfigurationPlatforms) = postSolution
		{F05BC4C6-194E-A2E9-35B0-63F2F1026BF7}.Debug|Any CPU.ActiveCfg = Debug|Any CPU
		{F05BC4C6-194E-A2E9-35B0-63F2F1026BF7}.Debug|Any CPU.Build.0 = Debug|Any CPU
		{F05BC4C6-194E-A2E9-35B0-63F2F1026BF7}.Release|Any CPU.ActiveCfg = Release|Any CPU
		{F05BC4C6-194E-A2E9-35B0-63F2F1026BF7}.Release|Any CPU.Build.0 = Release|Any CPU
	EndGlobalSection
	GlobalSection(SolutionProperties) = preSolution
		HideSolutionNode = FALSE
	EndGlobalSection
	GlobalSection(ExtensibilityGlobals) = postSolution
		SolutionGuid = {FE2AFAF3-7B61-4D88-B0DD-3DDD1FAB7363}
	EndGlobalSection
EndGlobal
