
Microsoft Visual Studio Solution File, Format Version 12.00
# Visual Studio Version 17
VisualStudioVersion = 17.14.36429.23 d17.14
MinimumVisualStudioVersion = 10.0.40219.1
Project("{FAE04EC0-301F-11D3-BF4B-00C04F79EFBC}") = "HSTS", "HSTS.csproj", "{4DAF13A8-50A5-4ED7-8A81-4030B1DA0891}"
EndProject
Global
	GlobalSection(SolutionConfigurationPlatforms) = preSolution
		Debug|Any CPU = Debug|Any CPU
		Release|Any CPU = Release|Any CPU
	EndGlobalSection
	GlobalSection(ProjectConfigurationPlatforms) = postSolution
		{4DAF13A8-50A5-4ED7-8A81-4030B1DA0891}.Debug|Any CPU.ActiveCfg = Debug|Any CPU
		{4DAF13A8-50A5-4ED7-8A81-4030B1DA0891}.Debug|Any CPU.Build.0 = Debug|Any CPU
		{4DAF13A8-50A5-4ED7-8A81-4030B1DA0891}.Release|Any CPU.ActiveCfg = Release|Any CPU
		{4DAF13A8-50A5-4ED7-8A81-4030B1DA0891}.Release|Any CPU.Build.0 = Release|Any CPU
	EndGlobalSection
	GlobalSection(SolutionProperties) = preSolution
		HideSolutionNode = FALSE
	EndGlobalSection
	GlobalSection(ExtensibilityGlobals) = postSolution
		SolutionGuid = {17746657-B797-49CE-8606-C31D1BF641A5}
	EndGlobalSection
EndGlobal
